
Microsoft Visual Studio Solution File, Format Version 12.00
# Visual Studio Version 17
VisualStudioVersion = 17.3.32929.385
MinimumVisualStudioVersion = 10.0.40219.1
Project("{FAE04EC0-301F-11D3-BF4B-00C04F79EFBC}") = "Cifru_Monoalfabetic", "Cifru_Monoalfabetic\Cifru_Monoalfabetic.csproj", "{06129DB8-58BA-4FC4-AF35-F1D22CFEC76A}"
EndProject
Global
	GlobalSection(SolutionConfigurationPlatforms) = preSolution
		Debug|Any CPU = Debug|Any CPU
		Release|Any CPU = Release|Any CPU
	EndGlobalSection
	GlobalSection(ProjectConfigurationPlatforms) = postSolution
		{06129DB8-58BA-4FC4-AF35-F1D22CFEC76A}.Debug|Any CPU.ActiveCfg = Debug|Any CPU
		{06129DB8-58BA-4FC4-AF35-F1D22CFEC76A}.Debug|Any CPU.Build.0 = Debug|Any CPU
		{06129DB8-58BA-4FC4-AF35-F1D22CFEC76A}.Release|Any CPU.ActiveCfg = Release|Any CPU
		{06129DB8-58BA-4FC4-AF35-F1D22CFEC76A}.Release|Any CPU.Build.0 = Release|Any CPU
	EndGlobalSection
	GlobalSection(SolutionProperties) = preSolution
		HideSolutionNode = FALSE
	EndGlobalSection
	GlobalSection(ExtensibilityGlobals) = postSolution
		SolutionGuid = {3C958E02-F2DB-4444-9914-0C904D1DFBF7}
	EndGlobalSection
EndGlobal
